
Microsoft Visual Studio Solution File, Format Version 12.00
# Visual Studio Version 17
VisualStudioVersion = 17.13.35913.81 d17.13
MinimumVisualStudioVersion = 10.0.40219.1
Project("{FAE04EC0-301F-11D3-BF4B-00C04F79EFBC}") = "Домашняя работа классы", "Домашняя работа классы\Домашняя работа классы.csproj", "{778ED767-8876-47E3-98EF-5C9E45A8A887}"
EndProject
Global
	GlobalSection(SolutionConfigurationPlatforms) = preSolution
		Debug|Any CPU = Debug|Any CPU
		Release|Any CPU = Release|Any CPU
	EndGlobalSection
	GlobalSection(ProjectConfigurationPlatforms) = postSolution
		{778ED767-8876-47E3-98EF-5C9E45A8A887}.Debug|Any CPU.ActiveCfg = Debug|Any CPU
		{778ED767-8876-47E3-98EF-5C9E45A8A887}.Debug|Any CPU.Build.0 = Debug|Any CPU
		{778ED767-8876-47E3-98EF-5C9E45A8A887}.Release|Any CPU.ActiveCfg = Release|Any CPU
		{778ED767-8876-47E3-98EF-5C9E45A8A887}.Release|Any CPU.Build.0 = Release|Any CPU
	EndGlobalSection
	GlobalSection(SolutionProperties) = preSolution
		HideSolutionNode = FALSE
	EndGlobalSection
	GlobalSection(ExtensibilityGlobals) = postSolution
		SolutionGuid = {CE4283FB-5416-40AE-87E6-7A313F20A706}
	EndGlobalSection
EndGlobal
